
Microsoft Visual Studio Solution File, Format Version 12.00
# Visual Studio Version 16
VisualStudioVersion = 16.0.31019.35
MinimumVisualStudioVersion = 10.0.40219.1
Project("{888888A0-9F3D-457C-B088-3A5042F75D52}") = "learning-2", "learning-2\learning-2.pyproj", "{36360EA5-D3CC-4FDC-9C7A-711AE60171B8}"
EndProject
Global
	GlobalSection(SolutionConfigurationPlatforms) = preSolution
		Debug|Any CPU = Debug|Any CPU
		Release|Any CPU = Release|Any CPU
	EndGlobalSection
	GlobalSection(ProjectConfigurationPlatforms) = postSolution
		{36360EA5-D3CC-4FDC-9C7A-711AE60171B8}.Debug|Any CPU.ActiveCfg = Debug|Any CPU
		{36360EA5-D3CC-4FDC-9C7A-711AE60171B8}.Release|Any CPU.ActiveCfg = Release|Any CPU
	EndGlobalSection
	GlobalSection(SolutionProperties) = preSolution
		HideSolutionNode = FALSE
	EndGlobalSection
	GlobalSection(ExtensibilityGlobals) = postSolution
		SolutionGuid = {B09298F0-B2AA-4B39-B87F-388D1DD9B36E}
	EndGlobalSection
EndGlobal
